{
    "version": 3,
    "terraform_version": "0.11.3",
    "serial": 3,
    "lineage": "6c7c1079-650f-4aee-b02a-d7d8408a563c",
    "modules": [
        {
            "path": [
                "root"
            ],
            "outputs": {
                "aws_instance_external_ip": {
                    "sensitive": false,
                    "type": "string",
                    "value": "52.60.153.140"
                },
                "aws_instance_internal_ip": {
                    "sensitive": false,
                    "type": "string",
                    "value": "172.16.0.100"
                },
                "gcp_instance_external_ip": {
                    "sensitive": false,
                    "type": "string",
                    "value": "35.203.0.196"
                },
                "gcp_instance_internal_ip": {
                    "sensitive": false,
                    "type": "string",
                    "value": "10.240.0.100"
                }
            },
            "resources": {
                "aws_customer_gateway.aws-cgw": {
                    "type": "aws_customer_gateway",
                    "depends_on": [
                        "google_compute_address.gcp-vpn-ip"
                    ],
                    "primary": {
                        "id": "cgw-0de4f10ad009b82b7",
                        "attributes": {
                            "bgp_asn": "65000",
                            "id": "cgw-0de4f10ad009b82b7",
                            "ip_address": "35.203.60.99",
                            "tags.%": "1",
                            "tags.Name": "aws-customer-gw",
                            "type": "ipsec.1"
                        },
                        "meta": {},
                        "tainted": false
                    },
                    "deposed": [],
                    "provider": "provider.aws"
                },
                "aws_default_route_table.aws-vpc": {
                    "type": "aws_default_route_table",
                    "depends_on": [
                        "aws_internet_gateway.aws-vpc-igw",
                        "aws_vpc.aws-vpc",
                        "aws_vpn_gateway.aws-vpn-gw"
                    ],
                    "primary": {
                        "id": "rtb-0dc2b8000e7d7e073",
                        "attributes": {
                            "default_route_table_id": "rtb-0dc2b8000e7d7e073",
                            "id": "rtb-0dc2b8000e7d7e073",
                            "propagating_vgws.#": "1",
                            "propagating_vgws.3241306798": "vgw-06ffa1fb98158364c",
                            "route.#": "1",
                            "route.2609284215.cidr_block": "0.0.0.0/0",
                            "route.2609284215.egress_only_gateway_id": "",
                            "route.2609284215.gateway_id": "igw-0b93f0018e2accf77",
                            "route.2609284215.instance_id": "",
                            "route.2609284215.ipv6_cidr_block": "",
                            "route.2609284215.nat_gateway_id": "",
                            "route.2609284215.network_interface_id": "",
                            "route.2609284215.vpc_peering_connection_id": "",
                            "tags.%": "0",
                            "vpc_id": "vpc-0a262d8c89bd8de1e"
                        },
                        "meta": {},
                        "tainted": false
                    },
                    "deposed": [],
                    "provider": "provider.aws"
                },
                "aws_eip.aws-ip": {
                    "type": "aws_eip",
                    "depends_on": [
                        "aws_instance.aws-vm"
                    ],
                    "primary": {
                        "id": "eipalloc-0c1b71efd0d2c7c5a",
                        "attributes": {
                            "associate_with_private_ip": "172.16.0.100",
                            "association_id": "eipassoc-097ebca716edcbee0",
                            "domain": "vpc",
                            "id": "eipalloc-0c1b71efd0d2c7c5a",
                            "instance": "i-0b273b023d198bbda",
                            "network_interface": "eni-0d66a021591f28bb9",
                            "private_ip": "172.16.0.100",
                            "public_ip": "52.60.153.140",
                            "vpc": "true"
                        },
                        "meta": {},
                        "tainted": false
                    },
                    "deposed": [],
                    "provider": "provider.aws"
                },
                "aws_instance.aws-vm": {
                    "type": "aws_instance",
                    "depends_on": [
                        "aws_security_group.aws-allow-icmp",
                        "aws_security_group.aws-allow-internet",
                        "aws_security_group.aws-allow-ssh",
                        "aws_security_group.aws-allow-vpn",
                        "aws_subnet.aws-subnet1",
                        "data.aws_ami.ubuntu",
                        "google_compute_address.gcp-ip"
                    ],
                    "primary": {
                        "id": "i-0b273b023d198bbda",
                        "attributes": {
                            "ami": "ami-db9e1cbf",
                            "associate_public_ip_address": "true",
                            "availability_zone": "ca-central-1b",
                            "disable_api_termination": "false",
                            "ebs_block_device.#": "0",
                            "ebs_optimized": "false",
                            "ephemeral_block_device.#": "0",
                            "iam_instance_profile": "",
                            "id": "i-0b273b023d198bbda",
                            "instance_state": "running",
                            "instance_type": "t2.micro",
                            "ipv6_addresses.#": "0",
                            "key_name": "vm-ssh-key",
                            "monitoring": "false",
                            "network_interface.#": "0",
                            "network_interface_id": "eni-0d66a021591f28bb9",
                            "primary_network_interface_id": "eni-0d66a021591f28bb9",
                            "private_dns": "ip-172-16-0-100.ca-central-1.compute.internal",
                            "private_ip": "172.16.0.100",
                            "public_dns": "ec2-35-183-116-20.ca-central-1.compute.amazonaws.com",
                            "public_ip": "35.183.116.20",
                            "root_block_device.#": "1",
                            "root_block_device.0.delete_on_termination": "true",
                            "root_block_device.0.iops": "100",
                            "root_block_device.0.volume_size": "8",
                            "root_block_device.0.volume_type": "gp2",
                            "security_groups.#": "0",
                            "source_dest_check": "true",
                            "subnet_id": "subnet-09d190d3599637e09",
                            "tags.%": "1",
                            "tags.Name": "aws-vm-ca-central-1",
                            "tenancy": "default",
                            "user_data": "bd2129d16c0b8f1ea3cb12a49c98f059dc1429db",
                            "volume_tags.%": "0",
                            "vpc_security_group_ids.#": "4",
                            "vpc_security_group_ids.2955750101": "sg-02a30834b73bfc33a",
                            "vpc_security_group_ids.3069337540": "sg-001b16f8568c28544",
                            "vpc_security_group_ids.3135463525": "sg-036393f91d2d73f67",
                            "vpc_security_group_ids.4057381025": "sg-068b026f43cab44d7"
                        },
                        "meta": {
                            "e2bfb730-ecaa-11e6-8f88-34363bc7c4c0": {
                                "create": 600000000000,
                                "delete": 600000000000,
                                "update": 600000000000
                            },
                            "schema_version": "1"
                        },
                        "tainted": false
                    },
                    "deposed": [],
                    "provider": "provider.aws"
                },
                "aws_internet_gateway.aws-vpc-igw": {
                    "type": "aws_internet_gateway",
                    "depends_on": [
                        "aws_vpc.aws-vpc"
                    ],
                    "primary": {
                        "id": "igw-0b93f0018e2accf77",
                        "attributes": {
                            "id": "igw-0b93f0018e2accf77",
                            "tags.%": "1",
                            "tags.Name": "aws-vpc-igw",
                            "vpc_id": "vpc-0a262d8c89bd8de1e"
                        },
                        "meta": {},
                        "tainted": false
                    },
                    "deposed": [],
                    "provider": "provider.aws"
                },
                "aws_security_group.aws-allow-icmp": {
                    "type": "aws_security_group",
                    "depends_on": [
                        "aws_vpc.aws-vpc"
                    ],
                    "primary": {
                        "id": "sg-02a30834b73bfc33a",
                        "attributes": {
                            "description": "Allow icmp access from anywhere",
                            "egress.#": "0",
                            "id": "sg-02a30834b73bfc33a",
                            "ingress.#": "1",
                            "ingress.3068409405.cidr_blocks.#": "1",
                            "ingress.3068409405.cidr_blocks.0": "0.0.0.0/0",
                            "ingress.3068409405.from_port": "8",
                            "ingress.3068409405.ipv6_cidr_blocks.#": "0",
                            "ingress.3068409405.protocol": "icmp",
                            "ingress.3068409405.security_groups.#": "0",
                            "ingress.3068409405.self": "false",
                            "ingress.3068409405.to_port": "0",
                            "name": "aws-allow-icmp",
                            "owner_id": "317565499837",
                            "tags.%": "0",
                            "vpc_id": "vpc-0a262d8c89bd8de1e"
                        },
                        "meta": {},
                        "tainted": false
                    },
                    "deposed": [],
                    "provider": "provider.aws"
                },
                "aws_security_group.aws-allow-internet": {
                    "type": "aws_security_group",
                    "depends_on": [
                        "aws_vpc.aws-vpc"
                    ],
                    "primary": {
                        "id": "sg-068b026f43cab44d7",
                        "attributes": {
                            "description": "Allow http traffic from the internet",
                            "egress.#": "1",
                            "egress.482069346.cidr_blocks.#": "1",
                            "egress.482069346.cidr_blocks.0": "0.0.0.0/0",
                            "egress.482069346.from_port": "0",
                            "egress.482069346.ipv6_cidr_blocks.#": "0",
                            "egress.482069346.prefix_list_ids.#": "0",
                            "egress.482069346.protocol": "-1",
                            "egress.482069346.security_groups.#": "0",
                            "egress.482069346.self": "false",
                            "egress.482069346.to_port": "0",
                            "id": "sg-068b026f43cab44d7",
                            "ingress.#": "1",
                            "ingress.2214680975.cidr_blocks.#": "1",
                            "ingress.2214680975.cidr_blocks.0": "0.0.0.0/0",
                            "ingress.2214680975.from_port": "80",
                            "ingress.2214680975.ipv6_cidr_blocks.#": "0",
                            "ingress.2214680975.protocol": "tcp",
                            "ingress.2214680975.security_groups.#": "0",
                            "ingress.2214680975.self": "false",
                            "ingress.2214680975.to_port": "80",
                            "name": "aws-allow-internet",
                            "owner_id": "317565499837",
                            "tags.%": "0",
                            "vpc_id": "vpc-0a262d8c89bd8de1e"
                        },
                        "meta": {},
                        "tainted": false
                    },
                    "deposed": [],
                    "provider": "provider.aws"
                },
                "aws_security_group.aws-allow-ssh": {
                    "type": "aws_security_group",
                    "depends_on": [
                        "aws_vpc.aws-vpc"
                    ],
                    "primary": {
                        "id": "sg-036393f91d2d73f67",
                        "attributes": {
                            "description": "Allow ssh access from anywhere",
                            "egress.#": "0",
                            "id": "sg-036393f91d2d73f67",
                            "ingress.#": "1",
                            "ingress.2541437006.cidr_blocks.#": "1",
                            "ingress.2541437006.cidr_blocks.0": "0.0.0.0/0",
                            "ingress.2541437006.from_port": "22",
                            "ingress.2541437006.ipv6_cidr_blocks.#": "0",
                            "ingress.2541437006.protocol": "tcp",
                            "ingress.2541437006.security_groups.#": "0",
                            "ingress.2541437006.self": "false",
                            "ingress.2541437006.to_port": "22",
                            "name": "aws-allow-ssh",
                            "owner_id": "317565499837",
                            "tags.%": "0",
                            "vpc_id": "vpc-0a262d8c89bd8de1e"
                        },
                        "meta": {},
                        "tainted": false
                    },
                    "deposed": [],
                    "provider": "provider.aws"
                },
                "aws_security_group.aws-allow-vpn": {
                    "type": "aws_security_group",
                    "depends_on": [
                        "aws_vpc.aws-vpc"
                    ],
                    "primary": {
                        "id": "sg-001b16f8568c28544",
                        "attributes": {
                            "description": "Allow all traffic from vpn resources",
                            "egress.#": "0",
                            "id": "sg-001b16f8568c28544",
                            "ingress.#": "1",
                            "ingress.3106109072.cidr_blocks.#": "1",
                            "ingress.3106109072.cidr_blocks.0": "10.240.0.0/24",
                            "ingress.3106109072.from_port": "0",
                            "ingress.3106109072.ipv6_cidr_blocks.#": "0",
                            "ingress.3106109072.protocol": "-1",
                            "ingress.3106109072.security_groups.#": "0",
                            "ingress.3106109072.self": "false",
                            "ingress.3106109072.to_port": "0",
                            "name": "aws-allow-vpn",
                            "owner_id": "317565499837",
                            "tags.%": "0",
                            "vpc_id": "vpc-0a262d8c89bd8de1e"
                        },
                        "meta": {},
                        "tainted": false
                    },
                    "deposed": [],
                    "provider": "provider.aws"
                },
                "aws_subnet.aws-subnet1": {
                    "type": "aws_subnet",
                    "depends_on": [
                        "aws_vpc.aws-vpc"
                    ],
                    "primary": {
                        "id": "subnet-09d190d3599637e09",
                        "attributes": {
                            "assign_ipv6_address_on_creation": "false",
                            "availability_zone": "ca-central-1b",
                            "cidr_block": "172.16.0.0/24",
                            "id": "subnet-09d190d3599637e09",
                            "map_public_ip_on_launch": "false",
                            "tags.%": "1",
                            "tags.Name": "aws-vpn-subnet",
                            "vpc_id": "vpc-0a262d8c89bd8de1e"
                        },
                        "meta": {
                            "schema_version": "1"
                        },
                        "tainted": false
                    },
                    "deposed": [],
                    "provider": "provider.aws"
                },
                "aws_vpc.aws-vpc": {
                    "type": "aws_vpc",
                    "depends_on": [],
                    "primary": {
                        "id": "vpc-0a262d8c89bd8de1e",
                        "attributes": {
                            "assign_generated_ipv6_cidr_block": "false",
                            "cidr_block": "172.16.0.0/16",
                            "default_network_acl_id": "acl-0bc135e36edbeacda",
                            "default_route_table_id": "rtb-0dc2b8000e7d7e073",
                            "default_security_group_id": "sg-00497264047d327be",
                            "dhcp_options_id": "dopt-8ceef9e5",
                            "enable_dns_hostnames": "true",
                            "enable_dns_support": "true",
                            "id": "vpc-0a262d8c89bd8de1e",
                            "instance_tenancy": "default",
                            "main_route_table_id": "rtb-0dc2b8000e7d7e073",
                            "tags.%": "1",
                            "tags.Name": "aws-vpc"
                        },
                        "meta": {
                            "schema_version": "1"
                        },
                        "tainted": false
                    },
                    "deposed": [],
                    "provider": "provider.aws"
                },
                "aws_vpn_connection.aws-vpn-connection1": {
                    "type": "aws_vpn_connection",
                    "depends_on": [
                        "aws_customer_gateway.aws-cgw",
                        "aws_vpn_gateway.aws-vpn-gw"
                    ],
                    "primary": {
                        "id": "vpn-09795bad01d985c66",
                        "attributes": {
                            "customer_gateway_configuration": "\u003c?xml version=\"1.0\" encoding=\"UTF-8\"?\u003e\n\u003cvpn_connection id=\"vpn-09795bad01d985c66\"\u003e\n  \u003ccustomer_gateway_id\u003ecgw-0de4f10ad009b82b7\u003c/customer_gateway_id\u003e\n  \u003cvpn_gateway_id\u003evgw-06ffa1fb98158364c\u003c/vpn_gateway_id\u003e\n  \u003cvpn_connection_type\u003eipsec.1\u003c/vpn_connection_type\u003e\n  \u003cipsec_tunnel\u003e\n    \u003ccustomer_gateway\u003e\n      \u003ctunnel_outside_address\u003e\n        \u003cip_address\u003e35.203.60.99\u003c/ip_address\u003e\n      \u003c/tunnel_outside_address\u003e\n      \u003ctunnel_inside_address\u003e\n        \u003cip_address\u003e169.254.62.38\u003c/ip_address\u003e\n        \u003cnetwork_mask\u003e255.255.255.252\u003c/network_mask\u003e\n        \u003cnetwork_cidr\u003e30\u003c/network_cidr\u003e\n      \u003c/tunnel_inside_address\u003e\n      \u003cbgp\u003e\n        \u003casn\u003e65000\u003c/asn\u003e\n        \u003chold_time\u003e30\u003c/hold_time\u003e\n      \u003c/bgp\u003e\n    \u003c/customer_gateway\u003e\n    \u003cvpn_gateway\u003e\n      \u003ctunnel_outside_address\u003e\n        \u003cip_address\u003e35.182.66.105\u003c/ip_address\u003e\n      \u003c/tunnel_outside_address\u003e\n      \u003ctunnel_inside_address\u003e\n        \u003cip_address\u003e169.254.62.37\u003c/ip_address\u003e\n        \u003cnetwork_mask\u003e255.255.255.252\u003c/network_mask\u003e\n        \u003cnetwork_cidr\u003e30\u003c/network_cidr\u003e\n      \u003c/tunnel_inside_address\u003e\n      \u003cbgp\u003e\n        \u003casn\u003e64512\u003c/asn\u003e\n        \u003chold_time\u003e30\u003c/hold_time\u003e\n      \u003c/bgp\u003e\n    \u003c/vpn_gateway\u003e\n    \u003cike\u003e\n      \u003cauthentication_protocol\u003esha1\u003c/authentication_protocol\u003e\n      \u003cencryption_protocol\u003eaes-128-cbc\u003c/encryption_protocol\u003e\n      \u003clifetime\u003e28800\u003c/lifetime\u003e\n      \u003cperfect_forward_secrecy\u003egroup2\u003c/perfect_forward_secrecy\u003e\n      \u003cmode\u003emain\u003c/mode\u003e\n      \u003cpre_shared_key\u003egWiz5TE2kAekX1a.rycj7_tllu3q.Fzg\u003c/pre_shared_key\u003e\n    \u003c/ike\u003e\n    \u003cipsec\u003e\n      \u003cprotocol\u003eesp\u003c/protocol\u003e\n      \u003cauthentication_protocol\u003ehmac-sha1-96\u003c/authentication_protocol\u003e\n      \u003cencryption_protocol\u003eaes-128-cbc\u003c/encryption_protocol\u003e\n      \u003clifetime\u003e3600\u003c/lifetime\u003e\n      \u003cperfect_forward_secrecy\u003egroup2\u003c/perfect_forward_secrecy\u003e\n      \u003cmode\u003etunnel\u003c/mode\u003e\n      \u003cclear_df_bit\u003etrue\u003c/clear_df_bit\u003e\n      \u003cfragmentation_before_encryption\u003etrue\u003c/fragmentation_before_encryption\u003e\n      \u003ctcp_mss_adjustment\u003e1379\u003c/tcp_mss_adjustment\u003e\n      \u003cdead_peer_detection\u003e\n        \u003cinterval\u003e10\u003c/interval\u003e\n        \u003cretries\u003e3\u003c/retries\u003e\n      \u003c/dead_peer_detection\u003e\n    \u003c/ipsec\u003e\n  \u003c/ipsec_tunnel\u003e\n  \u003cipsec_tunnel\u003e\n    \u003ccustomer_gateway\u003e\n      \u003ctunnel_outside_address\u003e\n        \u003cip_address\u003e35.203.60.99\u003c/ip_address\u003e\n      \u003c/tunnel_outside_address\u003e\n      \u003ctunnel_inside_address\u003e\n        \u003cip_address\u003e169.254.60.246\u003c/ip_address\u003e\n        \u003cnetwork_mask\u003e255.255.255.252\u003c/network_mask\u003e\n        \u003cnetwork_cidr\u003e30\u003c/network_cidr\u003e\n      \u003c/tunnel_inside_address\u003e\n      \u003cbgp\u003e\n        \u003casn\u003e65000\u003c/asn\u003e\n        \u003chold_time\u003e30\u003c/hold_time\u003e\n      \u003c/bgp\u003e\n    \u003c/customer_gateway\u003e\n    \u003cvpn_gateway\u003e\n      \u003ctunnel_outside_address\u003e\n        \u003cip_address\u003e35.182.219.122\u003c/ip_address\u003e\n      \u003c/tunnel_outside_address\u003e\n      \u003ctunnel_inside_address\u003e\n        \u003cip_address\u003e169.254.60.245\u003c/ip_address\u003e\n        \u003cnetwork_mask\u003e255.255.255.252\u003c/network_mask\u003e\n        \u003cnetwork_cidr\u003e30\u003c/network_cidr\u003e\n      \u003c/tunnel_inside_address\u003e\n      \u003cbgp\u003e\n        \u003casn\u003e64512\u003c/asn\u003e\n        \u003chold_time\u003e30\u003c/hold_time\u003e\n      \u003c/bgp\u003e\n    \u003c/vpn_gateway\u003e\n    \u003cike\u003e\n      \u003cauthentication_protocol\u003esha1\u003c/authentication_protocol\u003e\n      \u003cencryption_protocol\u003eaes-128-cbc\u003c/encryption_protocol\u003e\n      \u003clifetime\u003e28800\u003c/lifetime\u003e\n      \u003cperfect_forward_secrecy\u003egroup2\u003c/perfect_forward_secrecy\u003e\n      \u003cmode\u003emain\u003c/mode\u003e\n      \u003cpre_shared_key\u003ev1l8yQ1jahuUysgUxvLGjphdksVNcDl8\u003c/pre_shared_key\u003e\n    \u003c/ike\u003e\n    \u003cipsec\u003e\n      \u003cprotocol\u003eesp\u003c/protocol\u003e\n      \u003cauthentication_protocol\u003ehmac-sha1-96\u003c/authentication_protocol\u003e\n      \u003cencryption_protocol\u003eaes-128-cbc\u003c/encryption_protocol\u003e\n      \u003clifetime\u003e3600\u003c/lifetime\u003e\n      \u003cperfect_forward_secrecy\u003egroup2\u003c/perfect_forward_secrecy\u003e\n      \u003cmode\u003etunnel\u003c/mode\u003e\n      \u003cclear_df_bit\u003etrue\u003c/clear_df_bit\u003e\n      \u003cfragmentation_before_encryption\u003etrue\u003c/fragmentation_before_encryption\u003e\n      \u003ctcp_mss_adjustment\u003e1379\u003c/tcp_mss_adjustment\u003e\n      \u003cdead_peer_detection\u003e\n        \u003cinterval\u003e10\u003c/interval\u003e\n        \u003cretries\u003e3\u003c/retries\u003e\n      \u003c/dead_peer_detection\u003e\n    \u003c/ipsec\u003e\n  \u003c/ipsec_tunnel\u003e\n\u003c/vpn_connection\u003e",
                            "customer_gateway_id": "cgw-0de4f10ad009b82b7",
                            "id": "vpn-09795bad01d985c66",
                            "routes.#": "0",
                            "static_routes_only": "false",
                            "tags.%": "1",
                            "tags.Name": "aws-vpn-connection1",
                            "tunnel1_address": "35.182.219.122",
                            "tunnel1_bgp_asn": "64512",
                            "tunnel1_bgp_holdtime": "30",
                            "tunnel1_cgw_inside_address": "169.254.60.246",
                            "tunnel1_preshared_key": "v1l8yQ1jahuUysgUxvLGjphdksVNcDl8",
                            "tunnel1_vgw_inside_address": "169.254.60.245",
                            "tunnel2_address": "35.182.66.105",
                            "tunnel2_bgp_asn": "64512",
                            "tunnel2_bgp_holdtime": "30",
                            "tunnel2_cgw_inside_address": "169.254.62.38",
                            "tunnel2_preshared_key": "gWiz5TE2kAekX1a.rycj7_tllu3q.Fzg",
                            "tunnel2_vgw_inside_address": "169.254.62.37",
                            "type": "ipsec.1",
                            "vgw_telemetry.#": "2",
                            "vgw_telemetry.2144502136.accepted_route_count": "0",
                            "vgw_telemetry.2144502136.last_status_change": "2018-07-05 20:40:41 +0000 UTC",
                            "vgw_telemetry.2144502136.outside_ip_address": "35.182.66.105",
                            "vgw_telemetry.2144502136.status": "DOWN",
                            "vgw_telemetry.2144502136.status_message": "IPSEC IS UP",
                            "vgw_telemetry.73131277.accepted_route_count": "0",
                            "vgw_telemetry.73131277.last_status_change": "2018-07-05 20:40:35 +0000 UTC",
                            "vgw_telemetry.73131277.outside_ip_address": "35.182.219.122",
                            "vgw_telemetry.73131277.status": "DOWN",
                            "vgw_telemetry.73131277.status_message": "IPSEC IS UP",
                            "vpn_gateway_id": "vgw-06ffa1fb98158364c"
                        },
                        "meta": {},
                        "tainted": false
                    },
                    "deposed": [],
                    "provider": "provider.aws"
                },
                "aws_vpn_gateway.aws-vpn-gw": {
                    "type": "aws_vpn_gateway",
                    "depends_on": [
                        "aws_vpc.aws-vpc"
                    ],
                    "primary": {
                        "id": "vgw-06ffa1fb98158364c",
                        "attributes": {
                            "id": "vgw-06ffa1fb98158364c",
                            "tags.%": "0",
                            "vpc_id": "vpc-0a262d8c89bd8de1e"
                        },
                        "meta": {},
                        "tainted": false
                    },
                    "deposed": [],
                    "provider": "provider.aws"
                },
                "data.aws_ami.ubuntu": {
                    "type": "aws_ami",
                    "depends_on": [],
                    "primary": {
                        "id": "ami-db9e1cbf",
                        "attributes": {
                            "architecture": "x86_64",
                            "block_device_mappings.#": "3",
                            "block_device_mappings.1634610537.device_name": "/dev/sdb",
                            "block_device_mappings.1634610537.ebs.%": "0",
                            "block_device_mappings.1634610537.no_device": "",
                            "block_device_mappings.1634610537.virtual_name": "ephemeral0",
                            "block_device_mappings.2547816212.device_name": "/dev/sda1",
                            "block_device_mappings.2547816212.ebs.%": "6",
                            "block_device_mappings.2547816212.ebs.delete_on_termination": "true",
                            "block_device_mappings.2547816212.ebs.encrypted": "false",
                            "block_device_mappings.2547816212.ebs.iops": "0",
                            "block_device_mappings.2547816212.ebs.snapshot_id": "snap-032eec4874ee5f698",
                            "block_device_mappings.2547816212.ebs.volume_size": "8",
                            "block_device_mappings.2547816212.ebs.volume_type": "gp2",
                            "block_device_mappings.2547816212.no_device": "",
                            "block_device_mappings.2547816212.virtual_name": "",
                            "block_device_mappings.3850042718.device_name": "/dev/sdc",
                            "block_device_mappings.3850042718.ebs.%": "0",
                            "block_device_mappings.3850042718.no_device": "",
                            "block_device_mappings.3850042718.virtual_name": "ephemeral1",
                            "creation_date": "2018-06-27T13:44:14.000Z",
                            "description": "Canonical, Ubuntu, 16.04 LTS, amd64 xenial image build on 2018-06-27",
                            "filter.#": "2",
                            "filter.1585153008.name": "name",
                            "filter.1585153008.values.#": "1",
                            "filter.1585153008.values.0": "ubuntu/images/hvm-ssd/ubuntu-xenial-16.04-amd64-server-*",
                            "filter.490168357.name": "virtualization-type",
                            "filter.490168357.values.#": "1",
                            "filter.490168357.values.0": "hvm",
                            "hypervisor": "xen",
                            "id": "ami-db9e1cbf",
                            "image_id": "ami-db9e1cbf",
                            "image_location": "099720109477/ubuntu/images/hvm-ssd/ubuntu-xenial-16.04-amd64-server-20180627",
                            "image_type": "machine",
                            "most_recent": "true",
                            "name": "ubuntu/images/hvm-ssd/ubuntu-xenial-16.04-amd64-server-20180627",
                            "owner_id": "099720109477",
                            "owners.#": "1",
                            "owners.0": "099720109477",
                            "product_codes.#": "0",
                            "public": "true",
                            "root_device_name": "/dev/sda1",
                            "root_device_type": "ebs",
                            "sriov_net_support": "simple",
                            "state": "available",
                            "state_reason.%": "2",
                            "state_reason.code": "UNSET",
                            "state_reason.message": "UNSET",
                            "tags.#": "0",
                            "virtualization_type": "hvm"
                        },
                        "meta": {},
                        "tainted": false
                    },
                    "deposed": [],
                    "provider": "provider.aws"
                },
                "data.google_compute_zones.available": {
                    "type": "google_compute_zones",
                    "depends_on": [],
                    "primary": {
                        "id": "2018-07-05 20:47:35.185664 +0000 UTC",
                        "attributes": {
                            "id": "2018-07-05 20:47:35.185664 +0000 UTC",
                            "names.#": "3",
                            "names.0": "northamerica-northeast1-a",
                            "names.1": "northamerica-northeast1-b",
                            "names.2": "northamerica-northeast1-c",
                            "region": "northamerica-northeast1"
                        },
                        "meta": {},
                        "tainted": false
                    },
                    "deposed": [],
                    "provider": "provider.google"
                },
                "google_compute_address.gcp-ip": {
                    "type": "google_compute_address",
                    "depends_on": [],
                    "primary": {
                        "id": "gcp-vm-ip-northamerica-northeast1",
                        "attributes": {
                            "address": "35.203.0.196",
                            "id": "gcp-vm-ip-northamerica-northeast1",
                            "name": "gcp-vm-ip-northamerica-northeast1",
                            "region": "northamerica-northeast1",
                            "self_link": "https://www.googleapis.com/compute/v1/projects/tf-admin-dev-nurz6wts/regions/northamerica-northeast1/addresses/gcp-vm-ip-northamerica-northeast1"
                        },
                        "meta": {},
                        "tainted": false
                    },
                    "deposed": [],
                    "provider": "provider.google"
                },
                "google_compute_address.gcp-vpn-ip": {
                    "type": "google_compute_address",
                    "depends_on": [],
                    "primary": {
                        "id": "gcp-vpn-ip",
                        "attributes": {
                            "address": "35.203.60.99",
                            "id": "gcp-vpn-ip",
                            "name": "gcp-vpn-ip",
                            "region": "northamerica-northeast1",
                            "self_link": "https://www.googleapis.com/compute/v1/projects/tf-admin-dev-nurz6wts/regions/northamerica-northeast1/addresses/gcp-vpn-ip"
                        },
                        "meta": {},
                        "tainted": false
                    },
                    "deposed": [],
                    "provider": "provider.google"
                },
                "google_compute_firewall.gcp-allow-icmp": {
                    "type": "google_compute_firewall",
                    "depends_on": [
                        "google_compute_network.gcp-network"
                    ],
                    "primary": {
                        "id": "gcp-network-gcp-allow-icmp",
                        "attributes": {
                            "allow.#": "1",
                            "allow.1367131964.ports.#": "0",
                            "allow.1367131964.protocol": "icmp",
                            "deny.#": "0",
                            "description": "",
                            "destination_ranges.#": "0",
                            "id": "gcp-network-gcp-allow-icmp",
                            "name": "gcp-network-gcp-allow-icmp",
                            "network": "gcp-network",
                            "project": "tf-admin-dev-nurz6wts",
                            "self_link": "https://www.googleapis.com/compute/v1/projects/tf-admin-dev-nurz6wts/global/firewalls/gcp-network-gcp-allow-icmp",
                            "source_ranges.#": "1",
                            "source_ranges.1080289494": "0.0.0.0/0",
                            "source_tags.#": "0",
                            "target_tags.#": "0"
                        },
                        "meta": {
                            "schema_version": "1"
                        },
                        "tainted": false
                    },
                    "deposed": [],
                    "provider": "provider.google"
                },
                "google_compute_firewall.gcp-allow-internet": {
                    "type": "google_compute_firewall",
                    "depends_on": [
                        "google_compute_network.gcp-network"
                    ],
                    "primary": {
                        "id": "gcp-network-gcp-allow-internet",
                        "attributes": {
                            "allow.#": "1",
                            "allow.272637744.ports.#": "1",
                            "allow.272637744.ports.0": "80",
                            "allow.272637744.protocol": "tcp",
                            "deny.#": "0",
                            "description": "",
                            "destination_ranges.#": "0",
                            "id": "gcp-network-gcp-allow-internet",
                            "name": "gcp-network-gcp-allow-internet",
                            "network": "gcp-network",
                            "project": "tf-admin-dev-nurz6wts",
                            "self_link": "https://www.googleapis.com/compute/v1/projects/tf-admin-dev-nurz6wts/global/firewalls/gcp-network-gcp-allow-internet",
                            "source_ranges.#": "1",
                            "source_ranges.1080289494": "0.0.0.0/0",
                            "source_tags.#": "0",
                            "target_tags.#": "0"
                        },
                        "meta": {
                            "schema_version": "1"
                        },
                        "tainted": false
                    },
                    "deposed": [],
                    "provider": "provider.google"
                },
                "google_compute_firewall.gcp-allow-ssh": {
                    "type": "google_compute_firewall",
                    "depends_on": [
                        "google_compute_network.gcp-network"
                    ],
                    "primary": {
                        "id": "gcp-network-gcp-allow-ssh",
                        "attributes": {
                            "allow.#": "1",
                            "allow.803338340.ports.#": "1",
                            "allow.803338340.ports.0": "22",
                            "allow.803338340.protocol": "tcp",
                            "deny.#": "0",
                            "description": "",
                            "destination_ranges.#": "0",
                            "id": "gcp-network-gcp-allow-ssh",
                            "name": "gcp-network-gcp-allow-ssh",
                            "network": "gcp-network",
                            "project": "tf-admin-dev-nurz6wts",
                            "self_link": "https://www.googleapis.com/compute/v1/projects/tf-admin-dev-nurz6wts/global/firewalls/gcp-network-gcp-allow-ssh",
                            "source_ranges.#": "1",
                            "source_ranges.1080289494": "0.0.0.0/0",
                            "source_tags.#": "0",
                            "target_tags.#": "0"
                        },
                        "meta": {
                            "schema_version": "1"
                        },
                        "tainted": false
                    },
                    "deposed": [],
                    "provider": "provider.google"
                },
                "google_compute_firewall.gcp-allow-vpn": {
                    "type": "google_compute_firewall",
                    "depends_on": [
                        "google_compute_network.gcp-network"
                    ],
                    "primary": {
                        "id": "gcp-network-gcp-allow-vpn",
                        "attributes": {
                            "allow.#": "2",
                            "allow.2250996047.ports.#": "1",
                            "allow.2250996047.ports.0": "0-65535",
                            "allow.2250996047.protocol": "tcp",
                            "allow.884285603.ports.#": "1",
                            "allow.884285603.ports.0": "0-65535",
                            "allow.884285603.protocol": "udp",
                            "deny.#": "0",
                            "description": "",
                            "destination_ranges.#": "0",
                            "id": "gcp-network-gcp-allow-vpn",
                            "name": "gcp-network-gcp-allow-vpn",
                            "network": "gcp-network",
                            "project": "tf-admin-dev-nurz6wts",
                            "self_link": "https://www.googleapis.com/compute/v1/projects/tf-admin-dev-nurz6wts/global/firewalls/gcp-network-gcp-allow-vpn",
                            "source_ranges.#": "1",
                            "source_ranges.78081991": "172.16.0.0/24",
                            "source_tags.#": "0",
                            "target_tags.#": "0"
                        },
                        "meta": {
                            "schema_version": "1"
                        },
                        "tainted": false
                    },
                    "deposed": [],
                    "provider": "provider.google"
                },
                "google_compute_forwarding_rule.fr_esp": {
                    "type": "google_compute_forwarding_rule",
                    "depends_on": [
                        "google_compute_address.gcp-vpn-ip",
                        "google_compute_vpn_gateway.gcp-vpn-gw"
                    ],
                    "primary": {
                        "id": "fr-esp",
                        "attributes": {
                            "backend_service": "",
                            "description": "",
                            "id": "fr-esp",
                            "ip_address": "35.203.60.99",
                            "ip_protocol": "ESP",
                            "load_balancing_scheme": "EXTERNAL",
                            "name": "fr-esp",
                            "network": "",
                            "port_range": "",
                            "ports.#": "0",
                            "project": "tf-admin-dev-nurz6wts",
                            "region": "northamerica-northeast1",
                            "self_link": "https://www.googleapis.com/compute/v1/projects/tf-admin-dev-nurz6wts/regions/northamerica-northeast1/forwardingRules/fr-esp",
                            "subnetwork": "",
                            "target": "https://www.googleapis.com/compute/v1/projects/tf-admin-dev-nurz6wts/regions/northamerica-northeast1/targetVpnGateways/gcp-vpn-gw-northamerica-northeast1"
                        },
                        "meta": {},
                        "tainted": false
                    },
                    "deposed": [],
                    "provider": "provider.google"
                },
                "google_compute_forwarding_rule.fr_udp4500": {
                    "type": "google_compute_forwarding_rule",
                    "depends_on": [
                        "google_compute_address.gcp-vpn-ip",
                        "google_compute_vpn_gateway.gcp-vpn-gw"
                    ],
                    "primary": {
                        "id": "fr-udp4500",
                        "attributes": {
                            "backend_service": "",
                            "description": "",
                            "id": "fr-udp4500",
                            "ip_address": "35.203.60.99",
                            "ip_protocol": "UDP",
                            "load_balancing_scheme": "EXTERNAL",
                            "name": "fr-udp4500",
                            "network": "",
                            "port_range": "4500-4500",
                            "ports.#": "0",
                            "project": "tf-admin-dev-nurz6wts",
                            "region": "northamerica-northeast1",
                            "self_link": "https://www.googleapis.com/compute/v1/projects/tf-admin-dev-nurz6wts/regions/northamerica-northeast1/forwardingRules/fr-udp4500",
                            "subnetwork": "",
                            "target": "https://www.googleapis.com/compute/v1/projects/tf-admin-dev-nurz6wts/regions/northamerica-northeast1/targetVpnGateways/gcp-vpn-gw-northamerica-northeast1"
                        },
                        "meta": {},
                        "tainted": false
                    },
                    "deposed": [],
                    "provider": "provider.google"
                },
                "google_compute_forwarding_rule.fr_udp500": {
                    "type": "google_compute_forwarding_rule",
                    "depends_on": [
                        "google_compute_address.gcp-vpn-ip",
                        "google_compute_vpn_gateway.gcp-vpn-gw"
                    ],
                    "primary": {
                        "id": "fr-udp500",
                        "attributes": {
                            "backend_service": "",
                            "description": "",
                            "id": "fr-udp500",
                            "ip_address": "35.203.60.99",
                            "ip_protocol": "UDP",
                            "load_balancing_scheme": "EXTERNAL",
                            "name": "fr-udp500",
                            "network": "",
                            "port_range": "500-500",
                            "ports.#": "0",
                            "project": "tf-admin-dev-nurz6wts",
                            "region": "northamerica-northeast1",
                            "self_link": "https://www.googleapis.com/compute/v1/projects/tf-admin-dev-nurz6wts/regions/northamerica-northeast1/forwardingRules/fr-udp500",
                            "subnetwork": "",
                            "target": "https://www.googleapis.com/compute/v1/projects/tf-admin-dev-nurz6wts/regions/northamerica-northeast1/targetVpnGateways/gcp-vpn-gw-northamerica-northeast1"
                        },
                        "meta": {},
                        "tainted": false
                    },
                    "deposed": [],
                    "provider": "provider.google"
                },
                "google_compute_instance.gcp-vm": {
                    "type": "google_compute_instance",
                    "depends_on": [
                        "aws_eip.aws-ip",
                        "data.google_compute_zones.available",
                        "google_compute_address.gcp-ip",
                        "google_compute_subnetwork.gcp-subnet1"
                    ],
                    "primary": {
                        "id": "gcp-vm-northamerica-northeast1",
                        "attributes": {
                            "attached_disk.#": "0",
                            "boot_disk.#": "1",
                            "boot_disk.0.auto_delete": "true",
                            "boot_disk.0.device_name": "persistent-disk-0",
                            "boot_disk.0.disk_encryption_key_raw": "",
                            "boot_disk.0.disk_encryption_key_sha256": "",
                            "boot_disk.0.initialize_params.#": "1",
                            "boot_disk.0.initialize_params.0.image": "projects/ubuntu-os-cloud/global/images/family/ubuntu-1604-lts",
                            "boot_disk.0.initialize_params.0.size": "0",
                            "boot_disk.0.initialize_params.0.type": "",
                            "boot_disk.0.source": "gcp-vm-northamerica-northeast1",
                            "can_ip_forward": "false",
                            "create_timeout": "4",
                            "disk.#": "0",
                            "id": "gcp-vm-northamerica-northeast1",
                            "label_fingerprint": "42WmSpB8rSM=",
                            "machine_type": "f1-micro",
                            "metadata.%": "0",
                            "metadata_fingerprint": "QKXK1LvrKTM=",
                            "metadata_startup_script": "#!/bin/bash -xe\n\n# Copyright 2017 Google Inc.\n#\n# Licensed under the Apache License, Version 2.0 (the \"License\");\n# you may not use this file except in compliance with the License.\n# You may obtain a copy of the License at\n#\n#   http://www.apache.org/licenses/LICENSE-2.0\n#\n# Unless required by applicable law or agreed to in writing, software\n# distributed under the License is distributed on an \"AS IS\" BASIS,\n# WITHOUT WARRANTIES OR CONDITIONS OF ANY KIND, either express or implied.\n# See the License for the specific language governing permissions and\n# limitations under the License.\n\n\n# Make it easy to run iperf3.\necho \"iperf3 -c 52.60.153.140 -p 80 -i 1 -t 30 -P 8 -V\" \u003e /tmp/run_iperf_to_ext.sh\nchmod 755 /tmp/run_iperf_to_ext.sh\necho \"iperf3 -c 172.16.0.100 -p 80 -i 1 -t 30 -P 8 -V\" \u003e /tmp/run_iperf_to_int.sh\nchmod 755 /tmp/run_iperf_to_int.sh\n\n# Setup iperf3.\napt-get update\napt-get install -y iperf3\n\ncat \u003e /etc/systemd/system/iperf3.service \u003c\u003cEOF\n[Unit]\nDescription=iPerf 3 Server\n[Service]\nRestart=always\nTimeoutStartSec=0\nRestartSec=3\nWorkingDirectory=/tmp\nExecStart=/usr/bin/iperf3 -s -p 80\n[Install]\nWantedBy=multi-user.target\nEOF\n\nsystemctl daemon-reload\nsystemctl enable iperf3\nsystemctl start iperf3\n",
                            "name": "gcp-vm-northamerica-northeast1",
                            "network.#": "0",
                            "network_interface.#": "1",
                            "network_interface.0.access_config.#": "1",
                            "network_interface.0.access_config.0.assigned_nat_ip": "35.203.0.196",
                            "network_interface.0.access_config.0.nat_ip": "35.203.0.196",
                            "network_interface.0.address": "10.240.0.100",
                            "network_interface.0.name": "nic0",
                            "network_interface.0.network": "https://www.googleapis.com/compute/v1/projects/tf-admin-dev-nurz6wts/global/networks/gcp-network",
                            "network_interface.0.subnetwork": "https://www.googleapis.com/compute/v1/projects/tf-admin-dev-nurz6wts/regions/northamerica-northeast1/subnetworks/gcp-subnet1",
                            "network_interface.0.subnetwork_project": "tf-admin-dev-nurz6wts",
                            "scheduling.#": "1",
                            "scheduling.0.automatic_restart": "true",
                            "scheduling.0.on_host_maintenance": "MIGRATE",
                            "scheduling.0.preemptible": "false",
                            "scratch_disk.#": "0",
                            "self_link": "https://www.googleapis.com/compute/v1/projects/tf-admin-dev-nurz6wts/zones/northamerica-northeast1-a/instances/gcp-vm-northamerica-northeast1",
                            "service_account.#": "0",
                            "tags_fingerprint": "42WmSpB8rSM=",
                            "zone": "northamerica-northeast1-a"
                        },
                        "meta": {
                            "schema_version": "2"
                        },
                        "tainted": false
                    },
                    "deposed": [],
                    "provider": "provider.google"
                },
                "google_compute_network.gcp-network": {
                    "type": "google_compute_network",
                    "depends_on": [],
                    "primary": {
                        "id": "gcp-network",
                        "attributes": {
                            "auto_create_subnetworks": "false",
                            "gateway_ipv4": "",
                            "id": "gcp-network",
                            "ipv4_range": "",
                            "name": "gcp-network",
                            "self_link": "https://www.googleapis.com/compute/v1/projects/tf-admin-dev-nurz6wts/global/networks/gcp-network"
                        },
                        "meta": {},
                        "tainted": false
                    },
                    "deposed": [],
                    "provider": "provider.google"
                },
                "google_compute_router.gcp-router1": {
                    "type": "google_compute_router",
                    "depends_on": [
                        "aws_customer_gateway.aws-cgw",
                        "google_compute_network.gcp-network"
                    ],
                    "primary": {
                        "id": "northamerica-northeast1/gcp-router1",
                        "attributes": {
                            "bgp.#": "1",
                            "bgp.0.asn": "65000",
                            "description": "",
                            "id": "northamerica-northeast1/gcp-router1",
                            "name": "gcp-router1",
                            "network": "https://www.googleapis.com/compute/v1/projects/tf-admin-dev-nurz6wts/global/networks/gcp-network",
                            "project": "tf-admin-dev-nurz6wts",
                            "region": "northamerica-northeast1",
                            "self_link": "https://www.googleapis.com/compute/v1/projects/tf-admin-dev-nurz6wts/regions/northamerica-northeast1/routers/gcp-router1"
                        },
                        "meta": {},
                        "tainted": false
                    },
                    "deposed": [],
                    "provider": "provider.google"
                },
                "google_compute_router.gcp-router2": {
                    "type": "google_compute_router",
                    "depends_on": [
                        "aws_customer_gateway.aws-cgw",
                        "google_compute_network.gcp-network"
                    ],
                    "primary": {
                        "id": "northamerica-northeast1/gcp-router2",
                        "attributes": {
                            "bgp.#": "1",
                            "bgp.0.asn": "65000",
                            "description": "",
                            "id": "northamerica-northeast1/gcp-router2",
                            "name": "gcp-router2",
                            "network": "https://www.googleapis.com/compute/v1/projects/tf-admin-dev-nurz6wts/global/networks/gcp-network",
                            "project": "tf-admin-dev-nurz6wts",
                            "region": "northamerica-northeast1",
                            "self_link": "https://www.googleapis.com/compute/v1/projects/tf-admin-dev-nurz6wts/regions/northamerica-northeast1/routers/gcp-router2"
                        },
                        "meta": {},
                        "tainted": false
                    },
                    "deposed": [],
                    "provider": "provider.google"
                },
                "google_compute_router_interface.router_interface1": {
                    "type": "google_compute_router_interface",
                    "depends_on": [
                        "aws_vpn_connection.aws-vpn-connection1",
                        "google_compute_router.gcp-router1",
                        "google_compute_vpn_tunnel.gcp-tunnel1"
                    ],
                    "primary": {
                        "id": "northamerica-northeast1/gcp-router1/gcp-to-aws-interface1",
                        "attributes": {
                            "id": "northamerica-northeast1/gcp-router1/gcp-to-aws-interface1",
                            "ip_range": "169.254.60.246/30",
                            "name": "gcp-to-aws-interface1",
                            "project": "tf-admin-dev-nurz6wts",
                            "region": "northamerica-northeast1",
                            "router": "gcp-router1",
                            "vpn_tunnel": "https://www.googleapis.com/compute/v1/projects/tf-admin-dev-nurz6wts/regions/northamerica-northeast1/vpnTunnels/gcp-tunnel1"
                        },
                        "meta": {},
                        "tainted": false
                    },
                    "deposed": [],
                    "provider": "provider.google"
                },
                "google_compute_router_interface.router_interface2": {
                    "type": "google_compute_router_interface",
                    "depends_on": [
                        "aws_vpn_connection.aws-vpn-connection1",
                        "google_compute_router.gcp-router2",
                        "google_compute_vpn_tunnel.gcp-tunnel2"
                    ],
                    "primary": {
                        "id": "northamerica-northeast1/gcp-router2/gcp-to-aws-interface2",
                        "attributes": {
                            "id": "northamerica-northeast1/gcp-router2/gcp-to-aws-interface2",
                            "ip_range": "169.254.62.38/30",
                            "name": "gcp-to-aws-interface2",
                            "project": "tf-admin-dev-nurz6wts",
                            "region": "northamerica-northeast1",
                            "router": "gcp-router2",
                            "vpn_tunnel": "https://www.googleapis.com/compute/v1/projects/tf-admin-dev-nurz6wts/regions/northamerica-northeast1/vpnTunnels/gcp-tunnel2"
                        },
                        "meta": {},
                        "tainted": false
                    },
                    "deposed": [],
                    "provider": "provider.google"
                },
                "google_compute_router_peer.gcp-router1-peer": {
                    "type": "google_compute_router_peer",
                    "depends_on": [
                        "aws_vpn_connection.aws-vpn-connection1",
                        "google_compute_router.gcp-router1",
                        "google_compute_router_interface.router_interface1"
                    ],
                    "primary": {
                        "id": "northamerica-northeast1/gcp-router1/gcp-to-aws-bgp1",
                        "attributes": {
                            "advertised_route_priority": "0",
                            "id": "northamerica-northeast1/gcp-router1/gcp-to-aws-bgp1",
                            "interface": "gcp-to-aws-interface1",
                            "ip_address": "169.254.60.246",
                            "name": "gcp-to-aws-bgp1",
                            "peer_asn": "7224",
                            "peer_ip_address": "169.254.60.245",
                            "project": "tf-admin-dev-nurz6wts",
                            "region": "northamerica-northeast1",
                            "router": "gcp-router1"
                        },
                        "meta": {},
                        "tainted": false
                    },
                    "deposed": [],
                    "provider": "provider.google"
                },
                "google_compute_router_peer.gcp-router2-peer": {
                    "type": "google_compute_router_peer",
                    "depends_on": [
                        "aws_vpn_connection.aws-vpn-connection1",
                        "google_compute_router.gcp-router2",
                        "google_compute_router_interface.router_interface2"
                    ],
                    "primary": {
                        "id": "northamerica-northeast1/gcp-router2/gcp-to-aws-bgp2",
                        "attributes": {
                            "advertised_route_priority": "0",
                            "id": "northamerica-northeast1/gcp-router2/gcp-to-aws-bgp2",
                            "interface": "gcp-to-aws-interface2",
                            "ip_address": "169.254.62.38",
                            "name": "gcp-to-aws-bgp2",
                            "peer_asn": "7224",
                            "peer_ip_address": "169.254.62.37",
                            "project": "tf-admin-dev-nurz6wts",
                            "region": "northamerica-northeast1",
                            "router": "gcp-router2"
                        },
                        "meta": {},
                        "tainted": false
                    },
                    "deposed": [],
                    "provider": "provider.google"
                },
                "google_compute_subnetwork.gcp-subnet1": {
                    "type": "google_compute_subnetwork",
                    "depends_on": [
                        "google_compute_network.gcp-network"
                    ],
                    "primary": {
                        "id": "northamerica-northeast1/gcp-subnet1",
                        "attributes": {
                            "description": "",
                            "gateway_address": "10.240.0.1",
                            "id": "northamerica-northeast1/gcp-subnet1",
                            "ip_cidr_range": "10.240.0.0/24",
                            "name": "gcp-subnet1",
                            "network": "https://www.googleapis.com/compute/v1/projects/tf-admin-dev-nurz6wts/global/networks/gcp-network",
                            "private_ip_google_access": "false",
                            "region": "northamerica-northeast1",
                            "secondary_ip_range.#": "0",
                            "self_link": "https://www.googleapis.com/compute/v1/projects/tf-admin-dev-nurz6wts/regions/northamerica-northeast1/subnetworks/gcp-subnet1"
                        },
                        "meta": {},
                        "tainted": false
                    },
                    "deposed": [],
                    "provider": "provider.google"
                },
                "google_compute_vpn_gateway.gcp-vpn-gw": {
                    "type": "google_compute_vpn_gateway",
                    "depends_on": [
                        "google_compute_network.gcp-network"
                    ],
                    "primary": {
                        "id": "gcp-vpn-gw-northamerica-northeast1",
                        "attributes": {
                            "id": "gcp-vpn-gw-northamerica-northeast1",
                            "name": "gcp-vpn-gw-northamerica-northeast1",
                            "network": "gcp-network",
                            "region": "northamerica-northeast1",
                            "self_link": "https://www.googleapis.com/compute/v1/projects/tf-admin-dev-nurz6wts/regions/northamerica-northeast1/targetVpnGateways/gcp-vpn-gw-northamerica-northeast1"
                        },
                        "meta": {},
                        "tainted": false
                    },
                    "deposed": [],
                    "provider": "provider.google"
                },
                "google_compute_vpn_tunnel.gcp-tunnel1": {
                    "type": "google_compute_vpn_tunnel",
                    "depends_on": [
                        "aws_vpn_connection.aws-vpn-connection1",
                        "google_compute_forwarding_rule.fr_esp",
                        "google_compute_forwarding_rule.fr_udp4500",
                        "google_compute_forwarding_rule.fr_udp500",
                        "google_compute_router.gcp-router1",
                        "google_compute_vpn_gateway.gcp-vpn-gw"
                    ],
                    "primary": {
                        "id": "gcp-tunnel1",
                        "attributes": {
                            "detailed_status": "Tunnel is up and running.",
                            "id": "gcp-tunnel1",
                            "ike_version": "1",
                            "local_traffic_selector.#": "1",
                            "local_traffic_selector.1080289494": "0.0.0.0/0",
                            "name": "gcp-tunnel1",
                            "peer_ip": "35.182.219.122",
                            "remote_traffic_selector.#": "1",
                            "remote_traffic_selector.1080289494": "0.0.0.0/0",
                            "router": "gcp-router1",
                            "self_link": "https://www.googleapis.com/compute/v1/projects/tf-admin-dev-nurz6wts/regions/northamerica-northeast1/vpnTunnels/gcp-tunnel1",
                            "shared_secret": "v1l8yQ1jahuUysgUxvLGjphdksVNcDl8",
                            "target_vpn_gateway": "https://www.googleapis.com/compute/v1/projects/tf-admin-dev-nurz6wts/regions/northamerica-northeast1/targetVpnGateways/gcp-vpn-gw-northamerica-northeast1"
                        },
                        "meta": {},
                        "tainted": false
                    },
                    "deposed": [],
                    "provider": "provider.google"
                },
                "google_compute_vpn_tunnel.gcp-tunnel2": {
                    "type": "google_compute_vpn_tunnel",
                    "depends_on": [
                        "aws_vpn_connection.aws-vpn-connection1",
                        "google_compute_forwarding_rule.fr_esp",
                        "google_compute_forwarding_rule.fr_udp4500",
                        "google_compute_forwarding_rule.fr_udp500",
                        "google_compute_router.gcp-router2",
                        "google_compute_vpn_gateway.gcp-vpn-gw"
                    ],
                    "primary": {
                        "id": "gcp-tunnel2",
                        "attributes": {
                            "detailed_status": "Tunnel is up and running.",
                            "id": "gcp-tunnel2",
                            "ike_version": "1",
                            "local_traffic_selector.#": "1",
                            "local_traffic_selector.1080289494": "0.0.0.0/0",
                            "name": "gcp-tunnel2",
                            "peer_ip": "35.182.66.105",
                            "remote_traffic_selector.#": "1",
                            "remote_traffic_selector.1080289494": "0.0.0.0/0",
                            "router": "gcp-router2",
                            "self_link": "https://www.googleapis.com/compute/v1/projects/tf-admin-dev-nurz6wts/regions/northamerica-northeast1/vpnTunnels/gcp-tunnel2",
                            "shared_secret": "gWiz5TE2kAekX1a.rycj7_tllu3q.Fzg",
                            "target_vpn_gateway": "https://www.googleapis.com/compute/v1/projects/tf-admin-dev-nurz6wts/regions/northamerica-northeast1/targetVpnGateways/gcp-vpn-gw-northamerica-northeast1"
                        },
                        "meta": {},
                        "tainted": false
                    },
                    "deposed": [],
                    "provider": "provider.google"
                }
            },
            "depends_on": []
        },
        {
            "path": [
                "root",
                "ssh_key_pair"
            ],
            "outputs": {
                "key_name": {
                    "sensitive": false,
                    "type": "string",
                    "value": "vm-ssh-key"
                },
                "public_key": {
                    "sensitive": false,
                    "type": "string",
                    "value": "ssh-rsa AAAAB3NzaC1yc2EAAAADAQABAAABAQDflA1DOJkL8eU3pbJNegylOau7DyoGrdOolvA2MQu55ueYAWUMOrEK+aJlFoGgl7ZAiIIcnptqJVZ1WEg6XdTkmLPe7VuURQYgU7jxy29rPNJNRORYcmPqRGKRrQjeM2BehDX6m/k6xi6QAN1+/uf5BftxmUUVzdKCVrqyT6VBQbSVfrRFtGKxpnxBCfnNKRKBYN4wVSjEBh4rgICXWLNUo5tkk6MnUpn64exK8FMl8hYVj9849wZOmWGeCxklGDC0g/EOmYooK96nC9PVr5NqY1uhF55c0JIS8gT5I07+xsRZb5hj0uz/Vgupcxip4ruapWLA3qDGbDFD0RMjX2+N\n"
                }
            },
            "resources": {
                "aws_key_pair.generated": {
                    "type": "aws_key_pair",
                    "depends_on": [
                        "tls_private_key.default"
                    ],
                    "primary": {
                        "id": "vm-ssh-key",
                        "attributes": {
                            "id": "vm-ssh-key",
                            "key_name": "vm-ssh-key",
                            "public_key": "ssh-rsa AAAAB3NzaC1yc2EAAAADAQABAAABAQDflA1DOJkL8eU3pbJNegylOau7DyoGrdOolvA2MQu55ueYAWUMOrEK+aJlFoGgl7ZAiIIcnptqJVZ1WEg6XdTkmLPe7VuURQYgU7jxy29rPNJNRORYcmPqRGKRrQjeM2BehDX6m/k6xi6QAN1+/uf5BftxmUUVzdKCVrqyT6VBQbSVfrRFtGKxpnxBCfnNKRKBYN4wVSjEBh4rgICXWLNUo5tkk6MnUpn64exK8FMl8hYVj9849wZOmWGeCxklGDC0g/EOmYooK96nC9PVr5NqY1uhF55c0JIS8gT5I07+xsRZb5hj0uz/Vgupcxip4ruapWLA3qDGbDFD0RMjX2+N"
                        },
                        "meta": {
                            "schema_version": "1"
                        },
                        "tainted": false
                    },
                    "deposed": [],
                    "provider": "provider.aws"
                },
                "local_file.private_key_pem": {
                    "type": "local_file",
                    "depends_on": [
                        "local.private_key_filename",
                        "tls_private_key.default"
                    ],
                    "primary": {
                        "id": "d3b3a5a017d22e6ffd1b43b203ba7a79347f5b70",
                        "attributes": {
                            "content": "-----BEGIN RSA PRIVATE KEY-----\nMIIEowIBAAKCAQEA35QNQziZC/HlN6WyTXoMpTmruw8qBq3TqJbwNjELuebnmAFl\nDDqxCvmiZRaBoJe2QIiCHJ6baiVWdVhIOl3U5Jiz3u1blEUGIFO48ctvazzSTUTk\nWHJj6kRika0I3jNgXoQ1+pv5OsYukADdfv7n+QX7cZlFFc3Sgla6sk+lQUG0lX60\nRbRisaZ8QQn5zSkSgWDeMFUoxAYeK4CAl1izVKObZJOjJ1KZ+uHsSvBTJfIWFY/f\nOPcGTplhngsZJRgwtIPxDpmKKCvepwvT1a+TamNboReeXNCSEvIE+SNO/sbEWW+Y\nY9Ls/1YLqXMYqeK7mqViwN6gxmwxQ9ETI19vjQIDAQABAoIBAQDWjvEvWmhdczVi\n8suq2H68LR0l9caCBF0EBF3f06+KJxKH6Ia9drGic7CpzDB4Gj/XrGkY6AkDk3Nm\nR2OBR7zf579uJ2DkaF0Ztt7chDuXsRWs+3kbfCNwlVH2tRS2kJ1h9wUKTJagFcJn\nhb0Ke7vIWjpUaR9Ibm4fkPW32wEfHg/k/4Y2J0fdjit4PhuY88rlnOB0VINhO1yu\n0ByxxzUzEqfWhnJjkr7vFOrnzU8wV5Wa2XVcAEBzWqcD6EvTZ3xIci7Mi//eBD7Z\nnaVvQFQ9uBqfn8j0ui6zIcm/i+uoUq42m18r1148lVcWqtzWfO3jNA3tqQyvr2pi\nWfDXtlvBAoGBAP/QlgyOm/lIeNTsOXFtDZWvBwVIEXB0+vyh5jg69HNbN68UoU4S\nfkEMowwt2ws7/Ik/f2Su3rMNUkBavxudFvyUVJsydosJ856vvt58MVRH/4Km/nzs\n++MSXDS0kaDvAn/kqDbEp1bEwnqXxdFxz1pVQkJy+19UqD+i1214EMVRAoGBAN+9\nfabGuUUgv9ihYGXUY52jxB8JE4HW8n02694oBayTXWmXKlM/5dw6/E3UFWcvJhsx\nWeEi3fdKNC5B5TWq3dAOGi41BeEXMZlwK1YuTZQvbRcOSSSLZzVUFWFqyZYLkqF1\nrhnX5sB74CcWfxXOlX42CbcSvqxqbRGkvCNyM+d9AoGAFkbIukE07elUtF35xpnT\nhARg3SHgeuWE8bj7fkwL+3unBrUKMu1DV1DNZgMcPwczP5Rq+I6N0BPJ5NbCK5pr\nZQVZtMYZMpRkRZ5SRbeU6Bz48BywrppIeQahRumugNAvbImx6EsJs3Gg6eILlOiP\nQPOJuJWgtDWADUKV9e9trnECgYBvL4OZtXesWrH7vXZiJEG8vP1hTulaxK6MexaL\nt+fZ8wGgz3ZBGKfp4YYwRwy70jplmQjJUMJteXqk4io9mUPReLCZ9c+OJDCJx6xB\nj5EN6uOTaY3/kyce4UIevyqeXfHoOsriHOCXFvg1dICDHb48ki4RxEbs95ZsBilY\nlBAnIQKBgFYb450B/lgdAOHa/fMIIyApu2FOmBbWsnQZkQd4+gV8/VMP7GOOcRwi\n1YGu4VYSkzrrMmcjwwuBozJrxLXrIkhxMARN9JXU5KZAswCi2toN/wgl5NKp1hao\nduQPLbELZaCIttRV9140aJX2WjSQVZ1nnGimJLwcEzK8bQP1aX3i\n-----END RSA PRIVATE KEY-----\n",
                            "filename": "/Users/oleggorj/Downloads//vm-ssh-key.pem",
                            "id": "d3b3a5a017d22e6ffd1b43b203ba7a79347f5b70"
                        },
                        "meta": {},
                        "tainted": false
                    },
                    "deposed": [],
                    "provider": "provider.local"
                },
                "local_file.public_key_openssh": {
                    "type": "local_file",
                    "depends_on": [
                        "local.public_key_filename",
                        "tls_private_key.default"
                    ],
                    "primary": {
                        "id": "01eaa56fd127d441802894e6e48e9e838db0a216",
                        "attributes": {
                            "content": "ssh-rsa AAAAB3NzaC1yc2EAAAADAQABAAABAQDflA1DOJkL8eU3pbJNegylOau7DyoGrdOolvA2MQu55ueYAWUMOrEK+aJlFoGgl7ZAiIIcnptqJVZ1WEg6XdTkmLPe7VuURQYgU7jxy29rPNJNRORYcmPqRGKRrQjeM2BehDX6m/k6xi6QAN1+/uf5BftxmUUVzdKCVrqyT6VBQbSVfrRFtGKxpnxBCfnNKRKBYN4wVSjEBh4rgICXWLNUo5tkk6MnUpn64exK8FMl8hYVj9849wZOmWGeCxklGDC0g/EOmYooK96nC9PVr5NqY1uhF55c0JIS8gT5I07+xsRZb5hj0uz/Vgupcxip4ruapWLA3qDGbDFD0RMjX2+N\n",
                            "filename": "/Users/oleggorj/Downloads//vm-ssh-key.pub",
                            "id": "01eaa56fd127d441802894e6e48e9e838db0a216"
                        },
                        "meta": {},
                        "tainted": false
                    },
                    "deposed": [],
                    "provider": "provider.local"
                },
                "null_resource.chmod": {
                    "type": "null_resource",
                    "depends_on": [
                        "local.private_key_filename",
                        "local_file.private_key_pem"
                    ],
                    "primary": {
                        "id": "6981690772844376750",
                        "attributes": {
                            "id": "6981690772844376750"
                        },
                        "meta": {},
                        "tainted": false
                    },
                    "deposed": [],
                    "provider": "provider.null"
                },
                "tls_private_key.default": {
                    "type": "tls_private_key",
                    "depends_on": [],
                    "primary": {
                        "id": "03da313b3f343dc10e3149fb1d693fe6b42a26c8",
                        "attributes": {
                            "algorithm": "RSA",
                            "ecdsa_curve": "P224",
                            "id": "03da313b3f343dc10e3149fb1d693fe6b42a26c8",
                            "private_key_pem": "-----BEGIN RSA PRIVATE KEY-----\nMIIEowIBAAKCAQEA35QNQziZC/HlN6WyTXoMpTmruw8qBq3TqJbwNjELuebnmAFl\nDDqxCvmiZRaBoJe2QIiCHJ6baiVWdVhIOl3U5Jiz3u1blEUGIFO48ctvazzSTUTk\nWHJj6kRika0I3jNgXoQ1+pv5OsYukADdfv7n+QX7cZlFFc3Sgla6sk+lQUG0lX60\nRbRisaZ8QQn5zSkSgWDeMFUoxAYeK4CAl1izVKObZJOjJ1KZ+uHsSvBTJfIWFY/f\nOPcGTplhngsZJRgwtIPxDpmKKCvepwvT1a+TamNboReeXNCSEvIE+SNO/sbEWW+Y\nY9Ls/1YLqXMYqeK7mqViwN6gxmwxQ9ETI19vjQIDAQABAoIBAQDWjvEvWmhdczVi\n8suq2H68LR0l9caCBF0EBF3f06+KJxKH6Ia9drGic7CpzDB4Gj/XrGkY6AkDk3Nm\nR2OBR7zf579uJ2DkaF0Ztt7chDuXsRWs+3kbfCNwlVH2tRS2kJ1h9wUKTJagFcJn\nhb0Ke7vIWjpUaR9Ibm4fkPW32wEfHg/k/4Y2J0fdjit4PhuY88rlnOB0VINhO1yu\n0ByxxzUzEqfWhnJjkr7vFOrnzU8wV5Wa2XVcAEBzWqcD6EvTZ3xIci7Mi//eBD7Z\nnaVvQFQ9uBqfn8j0ui6zIcm/i+uoUq42m18r1148lVcWqtzWfO3jNA3tqQyvr2pi\nWfDXtlvBAoGBAP/QlgyOm/lIeNTsOXFtDZWvBwVIEXB0+vyh5jg69HNbN68UoU4S\nfkEMowwt2ws7/Ik/f2Su3rMNUkBavxudFvyUVJsydosJ856vvt58MVRH/4Km/nzs\n++MSXDS0kaDvAn/kqDbEp1bEwnqXxdFxz1pVQkJy+19UqD+i1214EMVRAoGBAN+9\nfabGuUUgv9ihYGXUY52jxB8JE4HW8n02694oBayTXWmXKlM/5dw6/E3UFWcvJhsx\nWeEi3fdKNC5B5TWq3dAOGi41BeEXMZlwK1YuTZQvbRcOSSSLZzVUFWFqyZYLkqF1\nrhnX5sB74CcWfxXOlX42CbcSvqxqbRGkvCNyM+d9AoGAFkbIukE07elUtF35xpnT\nhARg3SHgeuWE8bj7fkwL+3unBrUKMu1DV1DNZgMcPwczP5Rq+I6N0BPJ5NbCK5pr\nZQVZtMYZMpRkRZ5SRbeU6Bz48BywrppIeQahRumugNAvbImx6EsJs3Gg6eILlOiP\nQPOJuJWgtDWADUKV9e9trnECgYBvL4OZtXesWrH7vXZiJEG8vP1hTulaxK6MexaL\nt+fZ8wGgz3ZBGKfp4YYwRwy70jplmQjJUMJteXqk4io9mUPReLCZ9c+OJDCJx6xB\nj5EN6uOTaY3/kyce4UIevyqeXfHoOsriHOCXFvg1dICDHb48ki4RxEbs95ZsBilY\nlBAnIQKBgFYb450B/lgdAOHa/fMIIyApu2FOmBbWsnQZkQd4+gV8/VMP7GOOcRwi\n1YGu4VYSkzrrMmcjwwuBozJrxLXrIkhxMARN9JXU5KZAswCi2toN/wgl5NKp1hao\nduQPLbELZaCIttRV9140aJX2WjSQVZ1nnGimJLwcEzK8bQP1aX3i\n-----END RSA PRIVATE KEY-----\n",
                            "public_key_openssh": "ssh-rsa AAAAB3NzaC1yc2EAAAADAQABAAABAQDflA1DOJkL8eU3pbJNegylOau7DyoGrdOolvA2MQu55ueYAWUMOrEK+aJlFoGgl7ZAiIIcnptqJVZ1WEg6XdTkmLPe7VuURQYgU7jxy29rPNJNRORYcmPqRGKRrQjeM2BehDX6m/k6xi6QAN1+/uf5BftxmUUVzdKCVrqyT6VBQbSVfrRFtGKxpnxBCfnNKRKBYN4wVSjEBh4rgICXWLNUo5tkk6MnUpn64exK8FMl8hYVj9849wZOmWGeCxklGDC0g/EOmYooK96nC9PVr5NqY1uhF55c0JIS8gT5I07+xsRZb5hj0uz/Vgupcxip4ruapWLA3qDGbDFD0RMjX2+N\n",
                            "public_key_pem": "-----BEGIN PUBLIC KEY-----\nMIIBIjANBgkqhkiG9w0BAQEFAAOCAQ8AMIIBCgKCAQEA35QNQziZC/HlN6WyTXoM\npTmruw8qBq3TqJbwNjELuebnmAFlDDqxCvmiZRaBoJe2QIiCHJ6baiVWdVhIOl3U\n5Jiz3u1blEUGIFO48ctvazzSTUTkWHJj6kRika0I3jNgXoQ1+pv5OsYukADdfv7n\n+QX7cZlFFc3Sgla6sk+lQUG0lX60RbRisaZ8QQn5zSkSgWDeMFUoxAYeK4CAl1iz\nVKObZJOjJ1KZ+uHsSvBTJfIWFY/fOPcGTplhngsZJRgwtIPxDpmKKCvepwvT1a+T\namNboReeXNCSEvIE+SNO/sbEWW+YY9Ls/1YLqXMYqeK7mqViwN6gxmwxQ9ETI19v\njQIDAQAB\n-----END PUBLIC KEY-----\n",
                            "rsa_bits": "2048"
                        },
                        "meta": {},
                        "tainted": false
                    },
                    "deposed": [],
                    "provider": "provider.tls"
                }
            },
            "depends_on": []
        }
    ]
}
