{
    "version": 3,
    "terraform_version": "0.11.3",
    "serial": 3,
    "lineage": "d6e119f2-4839-4def-a762-122d2523bb9d",
    "modules": [
        {
            "path": [
                "root"
            ],
            "outputs": {},
            "resources": {},
            "depends_on": []
        },
        {
            "path": [
                "root",
                "host_project"
            ],
            "outputs": {
                "name": {
                    "sensitive": false,
                    "type": "string",
                    "value": "host-project"
                },
                "org_id": {
                    "sensitive": false,
                    "type": "string",
                    "value": "1070281113360"
                }
            },
            "resources": {
                "data.google_organization.theorganization": {
                    "type": "google_organization",
                    "depends_on": [],
                    "primary": {
                        "id": "1070281113360",
                        "attributes": {
                            "create_time": "2018-05-03T14:39:51.766Z",
                            "directory_customer_id": "C01t2lwji",
                            "domain": "thetaconsulting.cloud",
                            "id": "1070281113360",
                            "lifecycle_state": "ACTIVE",
                            "name": "organizations/1070281113360"
                        },
                        "meta": {},
                        "tainted": false
                    },
                    "deposed": [],
                    "provider": "module.host_project.provider.google"
                },
                "random_id.id": {
                    "type": "random_id",
                    "depends_on": [],
                    "primary": {
                        "id": "82ZVxw",
                        "attributes": {
                            "b64": "host-project-82ZVxw",
                            "b64_std": "host-project-82ZVxw==",
                            "b64_url": "host-project-82ZVxw",
                            "byte_length": "4",
                            "dec": "host-project-4083570119",
                            "hex": "host-project-f36655c7",
                            "id": "82ZVxw",
                            "prefix": "host-project-"
                        },
                        "meta": {},
                        "tainted": false
                    },
                    "deposed": [],
                    "provider": "provider.random"
                }
            },
            "depends_on": []
        },
        {
            "path": [
                "root",
                "service_1_project"
            ],
            "outputs": {
                "name": {
                    "sensitive": false,
                    "type": "string",
                    "value": "service-project-1-test"
                },
                "org_id": {
                    "sensitive": false,
                    "type": "string",
                    "value": "1070281113360"
                }
            },
            "resources": {
                "data.google_organization.theorganization": {
                    "type": "google_organization",
                    "depends_on": [],
                    "primary": {
                        "id": "1070281113360",
                        "attributes": {
                            "create_time": "2018-05-03T14:39:51.766Z",
                            "directory_customer_id": "C01t2lwji",
                            "domain": "thetaconsulting.cloud",
                            "id": "1070281113360",
                            "lifecycle_state": "ACTIVE",
                            "name": "organizations/1070281113360"
                        },
                        "meta": {},
                        "tainted": false
                    },
                    "deposed": [],
                    "provider": "module.service_1_project.provider.google"
                },
                "random_id.id": {
                    "type": "random_id",
                    "depends_on": [],
                    "primary": {
                        "id": "xoL7VQ",
                        "attributes": {
                            "b64": "service-project-1-test-xoL7VQ",
                            "b64_std": "service-project-1-test-xoL7VQ==",
                            "b64_url": "service-project-1-test-xoL7VQ",
                            "byte_length": "4",
                            "dec": "service-project-1-test-3330472789",
                            "hex": "service-project-1-test-c682fb55",
                            "id": "xoL7VQ",
                            "prefix": "service-project-1-test-"
                        },
                        "meta": {},
                        "tainted": false
                    },
                    "deposed": [],
                    "provider": "provider.random"
                }
            },
            "depends_on": []
        },
        {
            "path": [
                "root",
                "service_2_project"
            ],
            "outputs": {
                "name": {
                    "sensitive": false,
                    "type": "string",
                    "value": "service-project-2-test"
                },
                "org_id": {
                    "sensitive": false,
                    "type": "string",
                    "value": "1070281113360"
                }
            },
            "resources": {
                "data.google_organization.theorganization": {
                    "type": "google_organization",
                    "depends_on": [],
                    "primary": {
                        "id": "1070281113360",
                        "attributes": {
                            "create_time": "2018-05-03T14:39:51.766Z",
                            "directory_customer_id": "C01t2lwji",
                            "domain": "thetaconsulting.cloud",
                            "id": "1070281113360",
                            "lifecycle_state": "ACTIVE",
                            "name": "organizations/1070281113360"
                        },
                        "meta": {},
                        "tainted": false
                    },
                    "deposed": [],
                    "provider": "module.service_2_project.provider.google"
                },
                "random_id.id": {
                    "type": "random_id",
                    "depends_on": [],
                    "primary": {
                        "id": "4jburQ",
                        "attributes": {
                            "b64": "service-project-2-test-4jburQ",
                            "b64_std": "service-project-2-test-4jburQ==",
                            "b64_url": "service-project-2-test-4jburQ",
                            "byte_length": "4",
                            "dec": "service-project-2-test-3795250861",
                            "hex": "service-project-2-test-e236eead",
                            "id": "4jburQ",
                            "prefix": "service-project-2-test-"
                        },
                        "meta": {},
                        "tainted": false
                    },
                    "deposed": [],
                    "provider": "provider.random"
                }
            },
            "depends_on": []
        }
    ]
}
